// !$*UTF8*$!
{
	archiveVersion = 1;
	classes = {
	};
	objectVersion = 56;
	objects = {

/* Begin PBXBuildFile section */
		62182C762AF60CD100F37AB3 /* TabBarViewController.swift in Sources */ = {isa = PBXBuildFile; fileRef = 62182C752AF60CD100F37AB3 /* TabBarViewController.swift */; };
		6232C98F2AF36C9B00D67B2C /* HomeViewController.swift in Sources */ = {isa = PBXBuildFile; fileRef = 6232C98E2AF36C9B00D67B2C /* HomeViewController.swift */; };
		62360F652AF16820009B8892 /* SF-Pro-Display-Medium.otf in Resources */ = {isa = PBXBuildFile; fileRef = 62360F642AF16820009B8892 /* SF-Pro-Display-Medium.otf */; };
		62638CB92AEF89DD00DDB84B /* LimitCollectionViewCell.swift in Sources */ = {isa = PBXBuildFile; fileRef = 62638CB82AEF89DD00DDB84B /* LimitCollectionViewCell.swift */; };
		626E63972AECD054008BA96B /* AppDelegate.swift in Sources */ = {isa = PBXBuildFile; fileRef = 626E63962AECD054008BA96B /* AppDelegate.swift */; };
		626E63992AECD054008BA96B /* SceneDelegate.swift in Sources */ = {isa = PBXBuildFile; fileRef = 626E63982AECD054008BA96B /* SceneDelegate.swift */; };
		626E63A02AECD056008BA96B /* Assets.xcassets in Resources */ = {isa = PBXBuildFile; fileRef = 626E639F2AECD056008BA96B /* Assets.xcassets */; };
		626E63AC2AECD6D2008BA96B /* SF-Pro-Display-Bold.otf in Resources */ = {isa = PBXBuildFile; fileRef = 626E63AA2AECD6D2008BA96B /* SF-Pro-Display-Bold.otf */; };
		626E63B02AECD708008BA96B /* NewsCollectionViewCell.swift in Sources */ = {isa = PBXBuildFile; fileRef = 626E63AF2AECD708008BA96B /* NewsCollectionViewCell.swift */; };
		626E63B22AECD724008BA96B /* EnergyCollectionViewCell.swift in Sources */ = {isa = PBXBuildFile; fileRef = 626E63B12AECD724008BA96B /* EnergyCollectionViewCell.swift */; };
		626E63B92AECD7A6008BA96B /* PaymentViewController.swift in Sources */ = {isa = PBXBuildFile; fileRef = 626E63B82AECD7A6008BA96B /* PaymentViewController.swift */; };
		626E63BD2AECFBD7008BA96B /* ServiceViewController.swift in Sources */ = {isa = PBXBuildFile; fileRef = 626E63BC2AECFBD7008BA96B /* ServiceViewController.swift */; };
		626E63BF2AECFC2B008BA96B /* AnalysisViewController.swift in Sources */ = {isa = PBXBuildFile; fileRef = 626E63BE2AECFC2B008BA96B /* AnalysisViewController.swift */; };
		626E63C12AECFCBD008BA96B /* MoreViewController.swift in Sources */ = {isa = PBXBuildFile; fileRef = 626E63C02AECFCBD008BA96B /* MoreViewController.swift */; };
		628B5D8F2AF4CF6B00156C19 /* SF-Pro-Display-Black-Italic.otf in Resources */ = {isa = PBXBuildFile; fileRef = 628B5D8E2AF4CF6B00156C19 /* SF-Pro-Display-Black-Italic.otf */; };
		ACEC499E2AF8C7B500EE3E3E /* TopView.swift in Sources */ = {isa = PBXBuildFile; fileRef = ACEC499D2AF8C7B500EE3E3E /* TopView.swift */; };
/* End PBXBuildFile section */

/* Begin PBXFileReference section */
		62182C752AF60CD100F37AB3 /* TabBarViewController.swift */ = {isa = PBXFileReference; lastKnownFileType = sourcecode.swift; path = TabBarViewController.swift; sourceTree = "<group>"; };
		6232C98E2AF36C9B00D67B2C /* HomeViewController.swift */ = {isa = PBXFileReference; lastKnownFileType = sourcecode.swift; path = HomeViewController.swift; sourceTree = "<group>"; };
		62360F642AF16820009B8892 /* SF-Pro-Display-Medium.otf */ = {isa = PBXFileReference; lastKnownFileType = file; path = "SF-Pro-Display-Medium.otf"; sourceTree = "<group>"; };
		62638CB82AEF89DD00DDB84B /* LimitCollectionViewCell.swift */ = {isa = PBXFileReference; lastKnownFileType = sourcecode.swift; path = LimitCollectionViewCell.swift; sourceTree = "<group>"; };
		626E63932AECD054008BA96B /* Task1Crocusoft.app */ = {isa = PBXFileReference; explicitFileType = wrapper.application; includeInIndex = 0; path = Task1Crocusoft.app; sourceTree = BUILT_PRODUCTS_DIR; };
		626E63962AECD054008BA96B /* AppDelegate.swift */ = {isa = PBXFileReference; lastKnownFileType = sourcecode.swift; path = AppDelegate.swift; sourceTree = "<group>"; };
		626E63982AECD054008BA96B /* SceneDelegate.swift */ = {isa = PBXFileReference; lastKnownFileType = sourcecode.swift; path = SceneDelegate.swift; sourceTree = "<group>"; };
		626E639F2AECD056008BA96B /* Assets.xcassets */ = {isa = PBXFileReference; lastKnownFileType = folder.assetcatalog; path = Assets.xcassets; sourceTree = "<group>"; };
		626E63A42AECD056008BA96B /* Info.plist */ = {isa = PBXFileReference; lastKnownFileType = text.plist.xml; path = Info.plist; sourceTree = "<group>"; };
		626E63AA2AECD6D2008BA96B /* SF-Pro-Display-Bold.otf */ = {isa = PBXFileReference; lastKnownFileType = file; path = "SF-Pro-Display-Bold.otf"; sourceTree = "<group>"; };
		626E63AF2AECD708008BA96B /* NewsCollectionViewCell.swift */ = {isa = PBXFileReference; lastKnownFileType = sourcecode.swift; path = NewsCollectionViewCell.swift; sourceTree = "<group>"; };
		626E63B12AECD724008BA96B /* EnergyCollectionViewCell.swift */ = {isa = PBXFileReference; lastKnownFileType = sourcecode.swift; path = EnergyCollectionViewCell.swift; sourceTree = "<group>"; };
		626E63B82AECD7A6008BA96B /* PaymentViewController.swift */ = {isa = PBXFileReference; lastKnownFileType = sourcecode.swift; path = PaymentViewController.swift; sourceTree = "<group>"; };
		626E63BC2AECFBD7008BA96B /* ServiceViewController.swift */ = {isa = PBXFileReference; lastKnownFileType = sourcecode.swift; path = ServiceViewController.swift; sourceTree = "<group>"; };
		626E63BE2AECFC2B008BA96B /* AnalysisViewController.swift */ = {isa = PBXFileReference; lastKnownFileType = sourcecode.swift; path = AnalysisViewController.swift; sourceTree = "<group>"; };
		626E63C02AECFCBD008BA96B /* MoreViewController.swift */ = {isa = PBXFileReference; lastKnownFileType = sourcecode.swift; path = MoreViewController.swift; sourceTree = "<group>"; };
		628B5D8E2AF4CF6B00156C19 /* SF-Pro-Display-Black-Italic.otf */ = {isa = PBXFileReference; lastKnownFileType = file; path = "SF-Pro-Display-Black-Italic.otf"; sourceTree = "<group>"; };
		ACEC499D2AF8C7B500EE3E3E /* TopView.swift */ = {isa = PBXFileReference; lastKnownFileType = sourcecode.swift; path = TopView.swift; sourceTree = "<group>"; };
/* End PBXFileReference section */

/* Begin PBXFrameworksBuildPhase section */
		626E63902AECD054008BA96B /* Frameworks */ = {
			isa = PBXFrameworksBuildPhase;
			buildActionMask = 2147483647;
			files = (
			);
			runOnlyForDeploymentPostprocessing = 0;
		};
/* End PBXFrameworksBuildPhase section */

/* Begin PBXGroup section */
		626E638A2AECD054008BA96B = {
			isa = PBXGroup;
			children = (
				626E63952AECD054008BA96B /* Task1Crocusoft */,
				626E63942AECD054008BA96B /* Products */,
			);
			sourceTree = "<group>";
		};
		626E63942AECD054008BA96B /* Products */ = {
			isa = PBXGroup;
			children = (
				626E63932AECD054008BA96B /* Task1Crocusoft.app */,
			);
			name = Products;
			sourceTree = "<group>";
		};
		626E63952AECD054008BA96B /* Task1Crocusoft */ = {
			isa = PBXGroup;
			children = (
				626E63BB2AECFA26008BA96B /* font */,
				626E63BA2AECF954008BA96B /* support */,
				626E63AE2AECD6EF008BA96B /* collectionViewCell */,
				626E63B52AECD771008BA96B /* viewController */,
				626E63A42AECD056008BA96B /* Info.plist */,
			);
			path = Task1Crocusoft;
			sourceTree = "<group>";
		};
		626E63AE2AECD6EF008BA96B /* collectionViewCell */ = {
			isa = PBXGroup;
			children = (
				626E63B12AECD724008BA96B /* EnergyCollectionViewCell.swift */,
				626E63AF2AECD708008BA96B /* NewsCollectionViewCell.swift */,
				62638CB82AEF89DD00DDB84B /* LimitCollectionViewCell.swift */,
			);
			path = collectionViewCell;
			sourceTree = "<group>";
		};
		626E63B52AECD771008BA96B /* viewController */ = {
			isa = PBXGroup;
			children = (
				6232C98E2AF36C9B00D67B2C /* HomeViewController.swift */,
				626E63B82AECD7A6008BA96B /* PaymentViewController.swift */,
				626E63BC2AECFBD7008BA96B /* ServiceViewController.swift */,
				626E63BE2AECFC2B008BA96B /* AnalysisViewController.swift */,
				626E63C02AECFCBD008BA96B /* MoreViewController.swift */,
				62182C752AF60CD100F37AB3 /* TabBarViewController.swift */,
				ACEC499D2AF8C7B500EE3E3E /* TopView.swift */,
			);
			path = viewController;
			sourceTree = "<group>";
		};
		626E63BA2AECF954008BA96B /* support */ = {
			isa = PBXGroup;
			children = (
				626E63962AECD054008BA96B /* AppDelegate.swift */,
				626E63982AECD054008BA96B /* SceneDelegate.swift */,
				626E639F2AECD056008BA96B /* Assets.xcassets */,
			);
			path = support;
			sourceTree = "<group>";
		};
		626E63BB2AECFA26008BA96B /* font */ = {
			isa = PBXGroup;
			children = (
				62360F642AF16820009B8892 /* SF-Pro-Display-Medium.otf */,
				626E63AA2AECD6D2008BA96B /* SF-Pro-Display-Bold.otf */,
				628B5D8E2AF4CF6B00156C19 /* SF-Pro-Display-Black-Italic.otf */,
			);
			path = font;
			sourceTree = "<group>";
		};
/* End PBXGroup section */

/* Begin PBXNativeTarget section */
		626E63922AECD054008BA96B /* Task1Crocusoft */ = {
			isa = PBXNativeTarget;
			buildConfigurationList = 626E63A72AECD056008BA96B /* Build configuration list for PBXNativeTarget "Task1Crocusoft" */;
			buildPhases = (
				626E638F2AECD054008BA96B /* Sources */,
				626E63902AECD054008BA96B /* Frameworks */,
				626E63912AECD054008BA96B /* Resources */,
			);
			buildRules = (
			);
			dependencies = (
			);
			name = Task1Crocusoft;
			productName = Task1Crocusoft;
			productReference = 626E63932AECD054008BA96B /* Task1Crocusoft.app */;
			productType = "com.apple.product-type.application";
		};
/* End PBXNativeTarget section */

/* Begin PBXProject section */
		626E638B2AECD054008BA96B /* Project object */ = {
			isa = PBXProject;
			attributes = {
				BuildIndependentTargetsInParallel = 1;
				LastSwiftUpdateCheck = 1500;
				LastUpgradeCheck = 1500;
				TargetAttributes = {
					626E63922AECD054008BA96B = {
						CreatedOnToolsVersion = 15.0;
					};
				};
			};
			buildConfigurationList = 626E638E2AECD054008BA96B /* Build configuration list for PBXProject "Task1Crocusoft" */;
			compatibilityVersion = "Xcode 14.0";
			developmentRegion = en;
			hasScannedForEncodings = 0;
			knownRegions = (
				en,
				Base,
			);
			mainGroup = 626E638A2AECD054008BA96B;
			productRefGroup = 626E63942AECD054008BA96B /* Products */;
			projectDirPath = "";
			projectRoot = "";
			targets = (
				626E63922AECD054008BA96B /* Task1Crocusoft */,
			);
		};
/* End PBXProject section */

/* Begin PBXResourcesBuildPhase section */
		626E63912AECD054008BA96B /* Resources */ = {
			isa = PBXResourcesBuildPhase;
			buildActionMask = 2147483647;
			files = (
				62360F652AF16820009B8892 /* SF-Pro-Display-Medium.otf in Resources */,
				628B5D8F2AF4CF6B00156C19 /* SF-Pro-Display-Black-Italic.otf in Resources */,
				626E63A02AECD056008BA96B /* Assets.xcassets in Resources */,
				626E63AC2AECD6D2008BA96B /* SF-Pro-Display-Bold.otf in Resources */,
			);
			runOnlyForDeploymentPostprocessing = 0;
		};
/* End PBXResourcesBuildPhase section */

/* Begin PBXSourcesBuildPhase section */
		626E638F2AECD054008BA96B /* Sources */ = {
			isa = PBXSourcesBuildPhase;
			buildActionMask = 2147483647;
			files = (
				626E63C12AECFCBD008BA96B /* MoreViewController.swift in Sources */,
				62638CB92AEF89DD00DDB84B /* LimitCollectionViewCell.swift in Sources */,
				62182C762AF60CD100F37AB3 /* TabBarViewController.swift in Sources */,
				626E63B22AECD724008BA96B /* EnergyCollectionViewCell.swift in Sources */,
				626E63972AECD054008BA96B /* AppDelegate.swift in Sources */,
				626E63BF2AECFC2B008BA96B /* AnalysisViewController.swift in Sources */,
				626E63B92AECD7A6008BA96B /* PaymentViewController.swift in Sources */,
				626E63BD2AECFBD7008BA96B /* ServiceViewController.swift in Sources */,
				626E63992AECD054008BA96B /* SceneDelegate.swift in Sources */,
				626E63B02AECD708008BA96B /* NewsCollectionViewCell.swift in Sources */,
				ACEC499E2AF8C7B500EE3E3E /* TopView.swift in Sources */,
				6232C98F2AF36C9B00D67B2C /* HomeViewController.swift in Sources */,
			);
			runOnlyForDeploymentPostprocessing = 0;
		};
/* End PBXSourcesBuildPhase section */

/* Begin XCBuildConfiguration section */
		626E63A52AECD056008BA96B /* Debug */ = {
			isa = XCBuildConfiguration;
			buildSettings = {
				ALWAYS_SEARCH_USER_PATHS = NO;
				ASSETCATALOG_COMPILER_GENERATE_SWIFT_ASSET_SYMBOL_EXTENSIONS = YES;
				CLANG_ANALYZER_NONNULL = YES;
				CLANG_ANALYZER_NUMBER_OBJECT_CONVERSION = YES_AGGRESSIVE;
				CLANG_CXX_LANGUAGE_STANDARD = "gnu++20";
				CLANG_ENABLE_MODULES = YES;
				CLANG_ENABLE_OBJC_ARC = YES;
				CLANG_ENABLE_OBJC_WEAK = YES;
				CLANG_WARN_BLOCK_CAPTURE_AUTORELEASING = YES;
				CLANG_WARN_BOOL_CONVERSION = YES;
				CLANG_WARN_COMMA = YES;
				CLANG_WARN_CONSTANT_CONVERSION = YES;
				CLANG_WARN_DEPRECATED_OBJC_IMPLEMENTATIONS = YES;
				CLANG_WARN_DIRECT_OBJC_ISA_USAGE = YES_ERROR;
				CLANG_WARN_DOCUMENTATION_COMMENTS = YES;
				CLANG_WARN_EMPTY_BODY = YES;
				CLANG_WARN_ENUM_CONVERSION = YES;
				CLANG_WARN_INFINITE_RECURSION = YES;
				CLANG_WARN_INT_CONVERSION = YES;
				CLANG_WARN_NON_LITERAL_NULL_CONVERSION = YES;
				CLANG_WARN_OBJC_IMPLICIT_RETAIN_SELF = YES;
				CLANG_WARN_OBJC_LITERAL_CONVERSION = YES;
				CLANG_WARN_OBJC_ROOT_CLASS = YES_ERROR;
				CLANG_WARN_QUOTED_INCLUDE_IN_FRAMEWORK_HEADER = YES;
				CLANG_WARN_RANGE_LOOP_ANALYSIS = YES;
				CLANG_WARN_STRICT_PROTOTYPES = YES;
				CLANG_WARN_SUSPICIOUS_MOVE = YES;
				CLANG_WARN_UNGUARDED_AVAILABILITY = YES_AGGRESSIVE;
				CLANG_WARN_UNREACHABLE_CODE = YES;
				CLANG_WARN__DUPLICATE_METHOD_MATCH = YES;
				COPY_PHASE_STRIP = NO;
				DEBUG_INFORMATION_FORMAT = dwarf;
				ENABLE_STRICT_OBJC_MSGSEND = YES;
				ENABLE_TESTABILITY = YES;
				ENABLE_USER_SCRIPT_SANDBOXING = YES;
				GCC_C_LANGUAGE_STANDARD = gnu17;
				GCC_DYNAMIC_NO_PIC = NO;
				GCC_NO_COMMON_BLOCKS = YES;
				GCC_OPTIMIZATION_LEVEL = 0;
				GCC_PREPROCESSOR_DEFINITIONS = (
					"DEBUG=1",
					"$(inherited)",
				);
				GCC_WARN_64_TO_32_BIT_CONVERSION = YES;
				GCC_WARN_ABOUT_RETURN_TYPE = YES_ERROR;
				GCC_WARN_UNDECLARED_SELECTOR = YES;
				GCC_WARN_UNINITIALIZED_AUTOS = YES_AGGRESSIVE;
				GCC_WARN_UNUSED_FUNCTION = YES;
				GCC_WARN_UNUSED_VARIABLE = YES;
				IPHONEOS_DEPLOYMENT_TARGET = 17.0;
				LOCALIZATION_PREFERS_STRING_CATALOGS = YES;
				MTL_ENABLE_DEBUG_INFO = INCLUDE_SOURCE;
				MTL_FAST_MATH = YES;
				ONLY_ACTIVE_ARCH = YES;
				SDKROOT = iphoneos;
				SWIFT_ACTIVE_COMPILATION_CONDITIONS = "DEBUG $(inherited)";
				SWIFT_OPTIMIZATION_LEVEL = "-Onone";
			};
			name = Debug;
		};
		626E63A62AECD056008BA96B /* Release */ = {
			isa = XCBuildConfiguration;
			buildSettings = {
				ALWAYS_SEARCH_USER_PATHS = NO;
				ASSETCATALOG_COMPILER_GENERATE_SWIFT_ASSET_SYMBOL_EXTENSIONS = YES;
				CLANG_ANALYZER_NONNULL = YES;
				CLANG_ANALYZER_NUMBER_OBJECT_CONVERSION = YES_AGGRESSIVE;
				CLANG_CXX_LANGUAGE_STANDARD = "gnu++20";
				CLANG_ENABLE_MODULES = YES;
				CLANG_ENABLE_OBJC_ARC = YES;
				CLANG_ENABLE_OBJC_WEAK = YES;
				CLANG_WARN_BLOCK_CAPTURE_AUTORELEASING = YES;
				CLANG_WARN_BOOL_CONVERSION = YES;
				CLANG_WARN_COMMA = YES;
				CLANG_WARN_CONSTANT_CONVERSION = YES;
				CLANG_WARN_DEPRECATED_OBJC_IMPLEMENTATIONS = YES;
				CLANG_WARN_DIRECT_OBJC_ISA_USAGE = YES_ERROR;
				CLANG_WARN_DOCUMENTATION_COMMENTS = YES;
				CLANG_WARN_EMPTY_BODY = YES;
				CLANG_WARN_ENUM_CONVERSION = YES;
				CLANG_WARN_INFINITE_RECURSION = YES;
				CLANG_WARN_INT_CONVERSION = YES;
				CLANG_WARN_NON_LITERAL_NULL_CONVERSION = YES;
				CLANG_WARN_OBJC_IMPLICIT_RETAIN_SELF = YES;
				CLANG_WARN_OBJC_LITERAL_CONVERSION = YES;
				CLANG_WARN_OBJC_ROOT_CLASS = YES_ERROR;
				CLANG_WARN_QUOTED_INCLUDE_IN_FRAMEWORK_HEADER = YES;
				CLANG_WARN_RANGE_LOOP_ANALYSIS = YES;
				CLANG_WARN_STRICT_PROTOTYPES = YES;
				CLANG_WARN_SUSPICIOUS_MOVE = YES;
				CLANG_WARN_UNGUARDED_AVAILABILITY = YES_AGGRESSIVE;
				CLANG_WARN_UNREACHABLE_CODE = YES;
				CLANG_WARN__DUPLICATE_METHOD_MATCH = YES;
				COPY_PHASE_STRIP = NO;
				DEBUG_INFORMATION_FORMAT = "dwarf-with-dsym";
				ENABLE_NS_ASSERTIONS = NO;
				ENABLE_STRICT_OBJC_MSGSEND = YES;
				ENABLE_USER_SCRIPT_SANDBOXING = YES;
				GCC_C_LANGUAGE_STANDARD = gnu17;
				GCC_NO_COMMON_BLOCKS = YES;
				GCC_WARN_64_TO_32_BIT_CONVERSION = YES;
				GCC_WARN_ABOUT_RETURN_TYPE = YES_ERROR;
				GCC_WARN_UNDECLARED_SELECTOR = YES;
				GCC_WARN_UNINITIALIZED_AUTOS = YES_AGGRESSIVE;
				GCC_WARN_UNUSED_FUNCTION = YES;
				GCC_WARN_UNUSED_VARIABLE = YES;
				IPHONEOS_DEPLOYMENT_TARGET = 17.0;
				LOCALIZATION_PREFERS_STRING_CATALOGS = YES;
				MTL_ENABLE_DEBUG_INFO = NO;
				MTL_FAST_MATH = YES;
				SDKROOT = iphoneos;
				SWIFT_COMPILATION_MODE = wholemodule;
				VALIDATE_PRODUCT = YES;
			};
			name = Release;
		};
		626E63A82AECD056008BA96B /* Debug */ = {
			isa = XCBuildConfiguration;
			buildSettings = {
				ASSETCATALOG_COMPILER_APPICON_NAME = AppIcon;
				ASSETCATALOG_COMPILER_GLOBAL_ACCENT_COLOR_NAME = AccentColor;
				CODE_SIGN_STYLE = Automatic;
				CURRENT_PROJECT_VERSION = 1;
				DEVELOPMENT_TEAM = JNL77675JJ;
				GENERATE_INFOPLIST_FILE = YES;
				INFOPLIST_FILE = Task1Crocusoft/Info.plist;
				INFOPLIST_KEY_UIApplicationSupportsIndirectInputEvents = YES;
				INFOPLIST_KEY_UILaunchStoryboardName = LaunchScreen;
				INFOPLIST_KEY_UISupportedInterfaceOrientations = UIInterfaceOrientationPortrait;
				INFOPLIST_KEY_UISupportedInterfaceOrientations_iPad = "UIInterfaceOrientationPortrait UIInterfaceOrientationPortraitUpsideDown";
				LD_RUNPATH_SEARCH_PATHS = (
					"$(inherited)",
					"@executable_path/Frameworks",
				);
				MARKETING_VERSION = 1.0;
				PRODUCT_BUNDLE_IDENTIFIER = com.muradismayilov.Task1Crocusoft;
				PRODUCT_NAME = "$(TARGET_NAME)";
				SWIFT_EMIT_LOC_STRINGS = YES;
				SWIFT_VERSION = 5.0;
				TARGETED_DEVICE_FAMILY = "1,2";
			};
			name = Debug;
		};
		626E63A92AECD056008BA96B /* Release */ = {
			isa = XCBuildConfiguration;
			buildSettings = {
				ASSETCATALOG_COMPILER_APPICON_NAME = AppIcon;
				ASSETCATALOG_COMPILER_GLOBAL_ACCENT_COLOR_NAME = AccentColor;
				CODE_SIGN_STYLE = Automatic;
				CURRENT_PROJECT_VERSION = 1;
				DEVELOPMENT_TEAM = JNL77675JJ;
				GENERATE_INFOPLIST_FILE = YES;
				INFOPLIST_FILE = Task1Crocusoft/Info.plist;
				INFOPLIST_KEY_UIApplicationSupportsIndirectInputEvents = YES;
				INFOPLIST_KEY_UILaunchStoryboardName = LaunchScreen;
				INFOPLIST_KEY_UISupportedInterfaceOrientations = UIInterfaceOrientationPortrait;
				INFOPLIST_KEY_UISupportedInterfaceOrientations_iPad = "UIInterfaceOrientationPortrait UIInterfaceOrientationPortraitUpsideDown";
				LD_RUNPATH_SEARCH_PATHS = (
					"$(inherited)",
					"@executable_path/Frameworks",
				);
				MARKETING_VERSION = 1.0;
				PRODUCT_BUNDLE_IDENTIFIER = com.muradismayilov.Task1Crocusoft;
				PRODUCT_NAME = "$(TARGET_NAME)";
				SWIFT_EMIT_LOC_STRINGS = YES;
				SWIFT_VERSION = 5.0;
				TARGETED_DEVICE_FAMILY = "1,2";
			};
			name = Release;
		};
/* End XCBuildConfiguration section */

/* Begin XCConfigurationList section */
		626E638E2AECD054008BA96B /* Build configuration list for PBXProject "Task1Crocusoft" */ = {
			isa = XCConfigurationList;
			buildConfigurations = (
				626E63A52AECD056008BA96B /* Debug */,
				626E63A62AECD056008BA96B /* Release */,
			);
			defaultConfigurationIsVisible = 0;
			defaultConfigurationName = Release;
		};
		626E63A72AECD056008BA96B /* Build configuration list for PBXNativeTarget "Task1Crocusoft" */ = {
			isa = XCConfigurationList;
			buildConfigurations = (
				626E63A82AECD056008BA96B /* Debug */,
				626E63A92AECD056008BA96B /* Release */,
			);
			defaultConfigurationIsVisible = 0;
			defaultConfigurationName = Release;
		};
/* End XCConfigurationList section */
	};
	rootObject = 626E638B2AECD054008BA96B /* Project object */;
}
